{
  "lockfile_version": "1",
  "packages": {
    "alsa-lib.out": {
      "resolved": "github:NixOS/nixpkgs/38a4887411571457d700c51c64a6e49ead2ed5ab?narHash=sha256-kh35kIx7el4Jk8Ki3BH9%2FPn1eZYSYLJ6LMALos0zOy0%3D#alsa-lib.out",
      "source": "nixpkg"
    },
    "at-spi2-atk.out": {
      "resolved": "github:NixOS/nixpkgs/38a4887411571457d700c51c64a6e49ead2ed5ab?narHash=sha256-kh35kIx7el4Jk8Ki3BH9%2FPn1eZYSYLJ6LMALos0zOy0%3D#at-spi2-atk.out",
      "source": "nixpkg"
    },
    "at-spi2-core.out": {
      "resolved": "github:NixOS/nixpkgs/38a4887411571457d700c51c64a6e49ead2ed5ab?narHash=sha256-kh35kIx7el4Jk8Ki3BH9%2FPn1eZYSYLJ6LMALos0zOy0%3D#at-spi2-core.out",
      "source": "nixpkg"
    },
    "atk.out": {
      "resolved": "github:NixOS/nixpkgs/38a4887411571457d700c51c64a6e49ead2ed5ab?narHash=sha256-kh35kIx7el4Jk8Ki3BH9%2FPn1eZYSYLJ6LMALos0zOy0%3D#atk.out",
      "source": "nixpkg"
    },
    "cairo.out": {
      "resolved": "github:NixOS/nixpkgs/38a4887411571457d700c51c64a6e49ead2ed5ab?narHash=sha256-kh35kIx7el4Jk8Ki3BH9%2FPn1eZYSYLJ6LMALos0zOy0%3D#cairo.out",
      "source": "nixpkg"
    },
    "cups.lib": {
      "resolved": "github:NixOS/nixpkgs/38a4887411571457d700c51c64a6e49ead2ed5ab?narHash=sha256-kh35kIx7el4Jk8Ki3BH9%2FPn1eZYSYLJ6LMALos0zOy0%3D#cups.lib",
      "source": "nixpkg"
    },
    "dbus.lib": {
      "resolved": "github:NixOS/nixpkgs/38a4887411571457d700c51c64a6e49ead2ed5ab?narHash=sha256-kh35kIx7el4Jk8Ki3BH9%2FPn1eZYSYLJ6LMALos0zOy0%3D#dbus.lib",
      "source": "nixpkg"
    },
    "expat.out": {
      "resolved": "github:NixOS/nixpkgs/38a4887411571457d700c51c64a6e49ead2ed5ab?narHash=sha256-kh35kIx7el4Jk8Ki3BH9%2FPn1eZYSYLJ6LMALos0zOy0%3D#expat.out",
      "source": "nixpkg"
    },
    "fontconfig.lib": {
      "resolved": "github:NixOS/nixpkgs/38a4887411571457d700c51c64a6e49ead2ed5ab?narHash=sha256-kh35kIx7el4Jk8Ki3BH9%2FPn1eZYSYLJ6LMALos0zOy0%3D#fontconfig.lib",
      "source": "nixpkg"
    },
    "freetype.out": {
      "resolved": "github:NixOS/nixpkgs/38a4887411571457d700c51c64a6e49ead2ed5ab?narHash=sha256-kh35kIx7el4Jk8Ki3BH9%2FPn1eZYSYLJ6LMALos0zOy0%3D#freetype.out",
      "source": "nixpkg"
    },
    "gcc-unwrapped.lib": {
      "resolved": "github:NixOS/nixpkgs/38a4887411571457d700c51c64a6e49ead2ed5ab?narHash=sha256-kh35kIx7el4Jk8Ki3BH9%2FPn1eZYSYLJ6LMALos0zOy0%3D#gcc-unwrapped.lib",
      "source": "nixpkg"
    },
    "gdk-pixbuf.out": {
      "resolved": "github:NixOS/nixpkgs/38a4887411571457d700c51c64a6e49ead2ed5ab?narHash=sha256-kh35kIx7el4Jk8Ki3BH9%2FPn1eZYSYLJ6LMALos0zOy0%3D#gdk-pixbuf.out",
      "source": "nixpkg"
    },
    "github:NixOS/nixpkgs/nixpkgs-unstable": {
      "last_modified": "2026-07-27T08:35:34Z",
      "resolved": "github:NixOS/nixpkgs/38a4887411571457d700c51c64a6e49ead2ed5ab?lastModified=1785141334&narHash=sha256-kh35kIx7el4Jk8Ki3BH9%2FPn1eZYSYLJ6LMALos0zOy0%3D"
    },
    "glib.out": {
      "resolved": "github:NixOS/nixpkgs/38a4887411571457d700c51c64a6e49ead2ed5ab?narHash=sha256-kh35kIx7el4Jk8Ki3BH9%2FPn1eZYSYLJ6LMALos0zOy0%3D#glib.out",
      "source": "nixpkg"
    },
    "gtk3.out": {
      "resolved": "github:NixOS/nixpkgs/38a4887411571457d700c51c64a6e49ead2ed5ab?narHash=sha256-kh35kIx7el4Jk8Ki3BH9%2FPn1eZYSYLJ6LMALos0zOy0%3D#gtk3.out",
      "source": "nixpkg"
    },
    "libgbm.out": {
      "resolved": "github:NixOS/nixpkgs/38a4887411571457d700c51c64a6e49ead2ed5ab?narHash=sha256-kh35kIx7el4Jk8Ki3BH9%2FPn1eZYSYLJ6LMALos0zOy0%3D#libgbm.out",
      "source": "nixpkg"
    },
    "libx11.out": {
      "resolved": "github:NixOS/nixpkgs/38a4887411571457d700c51c64a6e49ead2ed5ab?narHash=sha256-kh35kIx7el4Jk8Ki3BH9%2FPn1eZYSYLJ6LMALos0zOy0%3D#libx11.out",
      "source": "nixpkg"
    },
    "libxcb.out": {
      "resolved": "github:NixOS/nixpkgs/38a4887411571457d700c51c64a6e49ead2ed5ab?narHash=sha256-kh35kIx7el4Jk8Ki3BH9%2FPn1eZYSYLJ6LMALos0zOy0%3D#libxcb.out",
      "source": "nixpkg"
    },
    "libxcomposite.out": {
      "resolved": "github:NixOS/nixpkgs/38a4887411571457d700c51c64a6e49ead2ed5ab?narHash=sha256-kh35kIx7el4Jk8Ki3BH9%2FPn1eZYSYLJ6LMALos0zOy0%3D#libxcomposite.out",
      "source": "nixpkg"
    },
    "libxcursor.out": {
      "resolved": "github:NixOS/nixpkgs/38a4887411571457d700c51c64a6e49ead2ed5ab?narHash=sha256-kh35kIx7el4Jk8Ki3BH9%2FPn1eZYSYLJ6LMALos0zOy0%3D#libxcursor.out",
      "source": "nixpkg"
    },
    "libxdamage.out": {
      "resolved": "github:NixOS/nixpkgs/38a4887411571457d700c51c64a6e49ead2ed5ab?narHash=sha256-kh35kIx7el4Jk8Ki3BH9%2FPn1eZYSYLJ6LMALos0zOy0%3D#libxdamage.out",
      "source": "nixpkg"
    },
    "libxext.out": {
      "resolved": "github:NixOS/nixpkgs/38a4887411571457d700c51c64a6e49ead2ed5ab?narHash=sha256-kh35kIx7el4Jk8Ki3BH9%2FPn1eZYSYLJ6LMALos0zOy0%3D#libxext.out",
      "source": "nixpkg"
    },
    "libxfixes.out": {
      "resolved": "github:NixOS/nixpkgs/38a4887411571457d700c51c64a6e49ead2ed5ab?narHash=sha256-kh35kIx7el4Jk8Ki3BH9%2FPn1eZYSYLJ6LMALos0zOy0%3D#libxfixes.out",
      "source": "nixpkg"
    },
    "libxi.out": {
      "resolved": "github:NixOS/nixpkgs/38a4887411571457d700c51c64a6e49ead2ed5ab?narHash=sha256-kh35kIx7el4Jk8Ki3BH9%2FPn1eZYSYLJ6LMALos0zOy0%3D#libxi.out",
      "source": "nixpkg"
    },
    "libxkbcommon.out": {
      "resolved": "github:NixOS/nixpkgs/38a4887411571457d700c51c64a6e49ead2ed5ab?narHash=sha256-kh35kIx7el4Jk8Ki3BH9%2FPn1eZYSYLJ6LMALos0zOy0%3D#libxkbcommon.out",
      "source": "nixpkg"
    },
    "libxrandr.out": {
      "resolved": "github:NixOS/nixpkgs/38a4887411571457d700c51c64a6e49ead2ed5ab?narHash=sha256-kh35kIx7el4Jk8Ki3BH9%2FPn1eZYSYLJ6LMALos0zOy0%3D#libxrandr.out",
      "source": "nixpkg"
    },
    "libxrender.out": {
      "resolved": "github:NixOS/nixpkgs/38a4887411571457d700c51c64a6e49ead2ed5ab?narHash=sha256-kh35kIx7el4Jk8Ki3BH9%2FPn1eZYSYLJ6LMALos0zOy0%3D#libxrender.out",
      "source": "nixpkg"
    },
    "nspr.out": {
      "resolved": "github:NixOS/nixpkgs/38a4887411571457d700c51c64a6e49ead2ed5ab?narHash=sha256-kh35kIx7el4Jk8Ki3BH9%2FPn1eZYSYLJ6LMALos0zOy0%3D#nspr.out",
      "source": "nixpkg"
    },
    "nss.out": {
      "resolved": "github:NixOS/nixpkgs/38a4887411571457d700c51c64a6e49ead2ed5ab?narHash=sha256-kh35kIx7el4Jk8Ki3BH9%2FPn1eZYSYLJ6LMALos0zOy0%3D#nss.out",
      "source": "nixpkg"
    },
    "pango.out": {
      "resolved": "github:NixOS/nixpkgs/38a4887411571457d700c51c64a6e49ead2ed5ab?narHash=sha256-kh35kIx7el4Jk8Ki3BH9%2FPn1eZYSYLJ6LMALos0zOy0%3D#pango.out",
      "source": "nixpkg"
    },
    "udev.out": {
      "resolved": "github:NixOS/nixpkgs/38a4887411571457d700c51c64a6e49ead2ed5ab?narHash=sha256-kh35kIx7el4Jk8Ki3BH9%2FPn1eZYSYLJ6LMALos0zOy0%3D#udev.out",
      "source": "nixpkg"
    }
  }
}
